<?xml version="1.0" encoding="utf-8"?>
<Project ToolsVersion="4.0" xmlns="http://schemas.microsoft.com/developer/msbuild/2003">
  <ItemGroup>
    <ClCompile Include="Main.cpp" />
    <ClCompile Include="ScanSegments.cpp" />
    <ClCompile Include="MainDialog.cpp" />
    <ClCompile Include="..\IDA_Support\Utility\Utility.cpp">
      <Filter>Support</Filter>
    </ClCompile>
  </ItemGroup>
  <ItemGroup>
    <ClInclude Include="ConcurrentCallbacks.h">
      <Filter>Support</Filter>
    </ClInclude>
    <ClInclude Include="..\IDA_Support\IDA_WaitEx\WaitBoxEx.h">
      <Filter>Support</Filter>
    </ClInclude>
    <ClInclude Include="..\IDA_Support\IDA_SegmentSelect\SegSelect.h">
      <Filter>Support</Filter>
    </ClInclude>
    <ClInclude Include="..\IDA_Support\IDA_OggPlayer\IdaOgg.h">
      <Filter>Support</Filter>
    </ClInclude>
    <ClInclude Include="..\IDA_Support\Utility\Utility.h">
      <Filter>Support</Filter>
    </ClInclude>
  </ItemGroup>
  <ItemGroup>
    <CustomBuild Include="StdAfx.h" />
    <QtMoc Include="MainDialog.h" />
    <QtUic Include="dialog.ui">
      <Filter>Forms</Filter>
    </QtUic>
  </ItemGroup>
  <ItemGroup>
    <Image Include="banner.png">
      <Filter>Resource Files</Filter>
    </Image>
    <Image Include="checkbox-checked.png">
      <Filter>Resource Files</Filter>
    </Image>
    <Image Include="icon.png">
      <Filter>Resource Files</Filter>
    </Image>
  </ItemGroup>
  <ItemGroup>
    <None Include="progress-style.qss">
      <Filter>Resource Files</Filter>
    </None>
    <None Include="style.qss">
      <Filter>Resource Files</Filter>
    </None>
  </ItemGroup>
  <ItemGroup>
    <Filter Include="Doc">
      <UniqueIdentifier>{e8f62945-eddb-4008-8e83-c53c458a5292}</UniqueIdentifier>
    </Filter>
    <Filter Include="Resource Files">
      <UniqueIdentifier>{a3213beb-713a-46b2-966a-0688d5b0f4c9}</UniqueIdentifier>
    </Filter>
    <Filter Include="Support">
      <UniqueIdentifier>{70f8cb6a-bb8f-4a4a-9abd-95ff88aa5c5a}</UniqueIdentifier>
    </Filter>
    <Filter Include="Forms">
      <UniqueIdentifier>{b623a3f6-c0f5-47d5-9fda-d2e5a7329821}</UniqueIdentifier>
    </Filter>
  </ItemGroup>
  <ItemGroup>
    <Text Include="LocalData\TODO.txt">
      <Filter>Doc</Filter>
    </Text>
    <Text Include="LocalData\signsrch AND ones.txt">
      <Filter>Doc</Filter>
    </Text>
    <Text Include="LocalData\Scratchpad.txt">
      <Filter>Doc</Filter>
    </Text>
    <Text Include="LocalData\notes.txt">
      <Filter>Doc</Filter>
    </Text>
  </ItemGroup>
  <ItemGroup>
    <QtRcc Include="PlugInRes.qrc">
      <Filter>Resource Files</Filter>
    </QtRcc>
  </ItemGroup>
</Project>